
Microsoft Visual Studio Solution File, Format Version 12.00
# Visual Studio 15
VisualStudioVersion = 15.0.28307.106
MinimumVisualStudioVersion = 10.0.40219.1
Project("{FAE04EC0-301F-11D3-BF4B-00C04F79EFBC}") = "I3DMapper", "I3DMapper\I3DMapper.csproj", "{51029C18-2419-40F6-A7B4-C296A8DD6111}"
EndProject
Project("{FAE04EC0-301F-11D3-BF4B-00C04F79EFBC}") = "I3DMapperUI", "I3DMapperUI\I3DMapperUI.csproj", "{CF093E1B-D336-4079-8155-9DCCB63F094E}"
EndProject
Project("{2150E333-8FDC-42A3-9474-1A3956D46DE8}") = "Solution Items", "Solution Items", "{2D4BC09D-A5A4-4215-8B06-6443274AA2FC}"
	ProjectSection(SolutionItems) = preProject
		.editorconfig = .editorconfig
	EndProjectSection
EndProject
Global
	GlobalSection(SolutionConfigurationPlatforms) = preSolution
		Debug|Any CPU = Debug|Any CPU
		Release|Any CPU = Release|Any CPU
	EndGlobalSection
	GlobalSection(ProjectConfigurationPlatforms) = postSolution
		{51029C18-2419-40F6-A7B4-C296A8DD6111}.Debug|Any CPU.ActiveCfg = Debug|Any CPU
		{51029C18-2419-40F6-A7B4-C296A8DD6111}.Debug|Any CPU.Build.0 = Debug|Any CPU
		{51029C18-2419-40F6-A7B4-C296A8DD6111}.Release|Any CPU.ActiveCfg = Release|Any CPU
		{51029C18-2419-40F6-A7B4-C296A8DD6111}.Release|Any CPU.Build.0 = Release|Any CPU
		{CF093E1B-D336-4079-8155-9DCCB63F094E}.Debug|Any CPU.ActiveCfg = Debug|Any CPU
		{CF093E1B-D336-4079-8155-9DCCB63F094E}.Debug|Any CPU.Build.0 = Debug|Any CPU
		{CF093E1B-D336-4079-8155-9DCCB63F094E}.Release|Any CPU.ActiveCfg = Release|Any CPU
		{CF093E1B-D336-4079-8155-9DCCB63F094E}.Release|Any CPU.Build.0 = Release|Any CPU
	EndGlobalSection
	GlobalSection(SolutionProperties) = preSolution
		HideSolutionNode = FALSE
	EndGlobalSection
	GlobalSection(ExtensibilityGlobals) = postSolution
		SolutionGuid = {E99840B5-CC94-4602-8DCA-D0A9EBFB384A}
	EndGlobalSection
EndGlobal
